<?xml version="1.0" encoding="utf-8"?>
<Project ToolsVersion="4.0" xmlns="http://schemas.microsoft.com/developer/msbuild/2003">
  <ItemGroup>
    <Filter Include="Source Files">
      <UniqueIdentifier>{4FC737F1-C7A5-4376-A066-2A32D752A2FF}</UniqueIdentifier>
      <Extensions>cpp;c;cc;cxx;def;odl;idl;hpj;bat;asm;asmx</Extensions>
    </Filter>
    <Filter Include="Header Files">
      <UniqueIdentifier>{93995380-89BD-4b04-88EB-625FBE52EBFB}</UniqueIdentifier>
      <Extensions>h;hpp;hxx;hm;inl;inc;xsd</Extensions>
    </Filter>
    <Filter Include="Resource Files">
      <UniqueIdentifier>{67DA6AB6-F800-4c08-8B7A-83BB121AAD01}</UniqueIdentifier>
      <Extensions>rc;ico;cur;bmp;dlg;rc2;rct;bin;rgs;gif;jpg;jpeg;jpe;resx;tiff;tif;png;wav;mfcribbon-ms</Extensions>
    </Filter>
    <Filter Include="jasmine">
      <UniqueIdentifier>{a0e29606-3c32-4805-b339-fa895e9610dc}</UniqueIdentifier>
    </Filter>
    <Filter Include="image">
      <UniqueIdentifier>{96aa3611-11b0-44e9-b731-a68803239c3a}</UniqueIdentifier>
    </Filter>
  </ItemGroup>
  <ItemGroup>
    <ClInclude Include="console.h">
      <Filter>Header Files</Filter>
    </ClInclude>
    <ClInclude Include="log.h">
      <Filter>Header Files</Filter>
    </ClInclude>
    <ClInclude Include="jasmine\spec.h">
      <Filter>jasmine</Filter>
    </ClInclude>
    <ClInclude Include="jasmine\describe.h">
      <Filter>jasmine</Filter>
    </ClInclude>
    <ClInclude Include="jasmine\expect.h">
      <Filter>jasmine</Filter>
    </ClInclude>
    <ClInclude Include="image\RGBAImage.h">
      <Filter>image</Filter>
    </ClInclude>
    <ClInclude Include="image\RGBAColor.h">
      <Filter>image</Filter>
    </ClInclude>
    <ClInclude Include="jasmine.h">
      <Filter>Header Files</Filter>
    </ClInclude>
    <ClInclude Include="image.h">
      <Filter>Header Files</Filter>
    </ClInclude>
    <ClInclude Include="image\coord.h">
      <Filter>image</Filter>
    </ClInclude>
  </ItemGroup>
  <ItemGroup>
    <ClCompile Include="main.cpp">
      <Filter>Source Files</Filter>
    </ClCompile>
  </ItemGroup>
</Project>